
Microsoft Visual Studio Solution File, Format Version 12.00
# Visual Studio Version 16
VisualStudioVersion = 16.0.29306.81
MinimumVisualStudioVersion = 10.0.40219.1
Project("{FAE04EC0-301F-11D3-BF4B-00C04F79EFBC}") = "statickeVarijable", "statickeVarijable\statickeVarijable.csproj", "{2CB72A43-9636-4752-BA9E-9998332A7CBC}"
EndProject
Global
	GlobalSection(SolutionConfigurationPlatforms) = preSolution
		Debug|Any CPU = Debug|Any CPU
		Release|Any CPU = Release|Any CPU
	EndGlobalSection
	GlobalSection(ProjectConfigurationPlatforms) = postSolution
		{2CB72A43-9636-4752-BA9E-9998332A7CBC}.Debug|Any CPU.ActiveCfg = Debug|Any CPU
		{2CB72A43-9636-4752-BA9E-9998332A7CBC}.Debug|Any CPU.Build.0 = Debug|Any CPU
		{2CB72A43-9636-4752-BA9E-9998332A7CBC}.Release|Any CPU.ActiveCfg = Release|Any CPU
		{2CB72A43-9636-4752-BA9E-9998332A7CBC}.Release|Any CPU.Build.0 = Release|Any CPU
	EndGlobalSection
	GlobalSection(SolutionProperties) = preSolution
		HideSolutionNode = FALSE
	EndGlobalSection
	GlobalSection(ExtensibilityGlobals) = postSolution
		SolutionGuid = {7E061FD0-02C7-469C-A7D8-E352D038B674}
	EndGlobalSection
EndGlobal
